// !$*UTF8*$!
{
	archiveVersion = 1;
	classes = {
	};
	objectVersion = 56;
	objects = {

/* Begin PBXBuildFile section */
		5A20651E2C2DC1E600704007 /* AMXSFamilyZoneApp.swift in Sources */ = {isa = PBXBuildFile; fileRef = 5A20651D2C2DC1E600704007 /* AMXSFamilyZoneApp.swift */; };
		5A2065202C2DC1E600704007 /* ContentView.swift in Sources */ = {isa = PBXBuildFile; fileRef = 5A20651F2C2DC1E600704007 /* ContentView.swift */; };
		5A2065222C2DC1E700704007 /* Assets.xcassets in Resources */ = {isa = PBXBuildFile; fileRef = 5A2065212C2DC1E700704007 /* Assets.xcassets */; };
		5A2065252C2DC1E800704007 /* Preview Assets.xcassets in Resources */ = {isa = PBXBuildFile; fileRef = 5A2065242C2DC1E800704007 /* Preview Assets.xcassets */; };
		5A2065302C2DC3CE00704007 /* GoogleService-Info.plist in Resources */ = {isa = PBXBuildFile; fileRef = 5A20652F2C2DC3CE00704007 /* GoogleService-Info.plist */; };
		5A2065342C2DC3E400704007 /* AuthManager.swift in Sources */ = {isa = PBXBuildFile; fileRef = 5A2065312C2DC3E400704007 /* AuthManager.swift */; };
		5A2065352C2DC3E400704007 /* Consts.swift in Sources */ = {isa = PBXBuildFile; fileRef = 5A2065322C2DC3E400704007 /* Consts.swift */; };
		5A2065362C2DC3E400704007 /* ImagePicker.swift in Sources */ = {isa = PBXBuildFile; fileRef = 5A2065332C2DC3E400704007 /* ImagePicker.swift */; };
		5A20653D2C2DC40100704007 /* Featured.swift in Sources */ = {isa = PBXBuildFile; fileRef = 5A2065372C2DC40100704007 /* Featured.swift */; };
		5A20653E2C2DC40200704007 /* HomeFeed.swift in Sources */ = {isa = PBXBuildFile; fileRef = 5A2065382C2DC40100704007 /* HomeFeed.swift */; };
		5A20653F2C2DC40200704007 /* PostListenerViewModel.swift in Sources */ = {isa = PBXBuildFile; fileRef = 5A2065392C2DC40100704007 /* PostListenerViewModel.swift */; };
		5A2065402C2DC40200704007 /* Resource.swift in Sources */ = {isa = PBXBuildFile; fileRef = 5A20653A2C2DC40100704007 /* Resource.swift */; };
		5A2065412C2DC40200704007 /* UserUtil.swift in Sources */ = {isa = PBXBuildFile; fileRef = 5A20653B2C2DC40100704007 /* UserUtil.swift */; };
		5A2065472C2DC41C00704007 /* FeaturedItem.swift in Sources */ = {isa = PBXBuildFile; fileRef = 5A2065422C2DC41C00704007 /* FeaturedItem.swift */; };
		5A2065482C2DC41C00704007 /* Post.swift in Sources */ = {isa = PBXBuildFile; fileRef = 5A2065432C2DC41C00704007 /* Post.swift */; };
		5A2065492C2DC41C00704007 /* ResourceItem.swift in Sources */ = {isa = PBXBuildFile; fileRef = 5A2065442C2DC41C00704007 /* ResourceItem.swift */; };
		5A20654A2C2DC41C00704007 /* User.swift in Sources */ = {isa = PBXBuildFile; fileRef = 5A2065452C2DC41C00704007 /* User.swift */; };
		5A20654D2C2DC48E00704007 /* FirebaseAuth in Frameworks */ = {isa = PBXBuildFile; productRef = 5A20654C2C2DC48E00704007 /* FirebaseAuth */; };
		5A20654F2C2DC48E00704007 /* FirebaseDatabaseSwift in Frameworks */ = {isa = PBXBuildFile; productRef = 5A20654E2C2DC48E00704007 /* FirebaseDatabaseSwift */; };
		5A2065512C2DC48E00704007 /* FirebaseFirestoreSwift in Frameworks */ = {isa = PBXBuildFile; productRef = 5A2065502C2DC48E00704007 /* FirebaseFirestoreSwift */; };
		5A2065532C2DC48E00704007 /* FirebaseStorage in Frameworks */ = {isa = PBXBuildFile; productRef = 5A2065522C2DC48E00704007 /* FirebaseStorage */; };
		5A2065562C2DC4B100704007 /* SDWebImageSwiftUI in Frameworks */ = {isa = PBXBuildFile; productRef = 5A2065552C2DC4B100704007 /* SDWebImageSwiftUI */; };
		5A20655D2C2DC5AB00704007 /* RegisterView.swift in Sources */ = {isa = PBXBuildFile; fileRef = 5A20655A2C2DC5AB00704007 /* RegisterView.swift */; };
		5A20655E2C2DC5AB00704007 /* ForgotPasswordView.swift in Sources */ = {isa = PBXBuildFile; fileRef = 5A20655B2C2DC5AB00704007 /* ForgotPasswordView.swift */; };
		5A20655F2C2DC5AB00704007 /* LoginView.swift in Sources */ = {isa = PBXBuildFile; fileRef = 5A20655C2C2DC5AB00704007 /* LoginView.swift */; };
		5A2065612C2DC60600704007 /* PostView.swift in Sources */ = {isa = PBXBuildFile; fileRef = 5A2065602C2DC60600704007 /* PostView.swift */; };
		5A2065662C2DC63D00704007 /* AddPostView.swift in Sources */ = {isa = PBXBuildFile; fileRef = 5A2065622C2DC63D00704007 /* AddPostView.swift */; };
		5A2065672C2DC63D00704007 /* HomeView.swift in Sources */ = {isa = PBXBuildFile; fileRef = 5A2065632C2DC63D00704007 /* HomeView.swift */; };
		5A2065682C2DC63D00704007 /* ResourcesView.swift in Sources */ = {isa = PBXBuildFile; fileRef = 5A2065642C2DC63D00704007 /* ResourcesView.swift */; };
		5A2065692C2DC63D00704007 /* ProfileView.swift in Sources */ = {isa = PBXBuildFile; fileRef = 5A2065652C2DC63D00704007 /* ProfileView.swift */; };
		5A20656C2C2DC64E00704007 /* SettingsView.swift in Sources */ = {isa = PBXBuildFile; fileRef = 5A20656A2C2DC64E00704007 /* SettingsView.swift */; };
		5A20656D2C2DC64E00704007 /* EditProfileView.swift in Sources */ = {isa = PBXBuildFile; fileRef = 5A20656B2C2DC64E00704007 /* EditProfileView.swift */; };
/* End PBXBuildFile section */

/* Begin PBXFileReference section */
		5A20651A2C2DC1E600704007 /* AMXSFamilyZone.app */ = {isa = PBXFileReference; explicitFileType = wrapper.application; includeInIndex = 0; path = AMXSFamilyZone.app; sourceTree = BUILT_PRODUCTS_DIR; };
		5A20651D2C2DC1E600704007 /* AMXSFamilyZoneApp.swift */ = {isa = PBXFileReference; lastKnownFileType = sourcecode.swift; path = AMXSFamilyZoneApp.swift; sourceTree = "<group>"; };
		5A20651F2C2DC1E600704007 /* ContentView.swift */ = {isa = PBXFileReference; lastKnownFileType = sourcecode.swift; path = ContentView.swift; sourceTree = "<group>"; };
		5A2065212C2DC1E700704007 /* Assets.xcassets */ = {isa = PBXFileReference; lastKnownFileType = folder.assetcatalog; path = Assets.xcassets; sourceTree = "<group>"; };
		5A2065242C2DC1E800704007 /* Preview Assets.xcassets */ = {isa = PBXFileReference; lastKnownFileType = folder.assetcatalog; path = "Preview Assets.xcassets"; sourceTree = "<group>"; };
		5A20652F2C2DC3CE00704007 /* GoogleService-Info.plist */ = {isa = PBXFileReference; fileEncoding = 4; lastKnownFileType = text.plist.xml; path = "GoogleService-Info.plist"; sourceTree = "<group>"; };
		5A2065312C2DC3E400704007 /* AuthManager.swift */ = {isa = PBXFileReference; fileEncoding = 4; lastKnownFileType = sourcecode.swift; path = AuthManager.swift; sourceTree = "<group>"; };
		5A2065322C2DC3E400704007 /* Consts.swift */ = {isa = PBXFileReference; fileEncoding = 4; lastKnownFileType = sourcecode.swift; path = Consts.swift; sourceTree = "<group>"; };
		5A2065332C2DC3E400704007 /* ImagePicker.swift */ = {isa = PBXFileReference; fileEncoding = 4; lastKnownFileType = sourcecode.swift; path = ImagePicker.swift; sourceTree = "<group>"; };
		5A2065372C2DC40100704007 /* Featured.swift */ = {isa = PBXFileReference; fileEncoding = 4; lastKnownFileType = sourcecode.swift; path = Featured.swift; sourceTree = "<group>"; };
		5A2065382C2DC40100704007 /* HomeFeed.swift */ = {isa = PBXFileReference; fileEncoding = 4; lastKnownFileType = sourcecode.swift; path = HomeFeed.swift; sourceTree = "<group>"; };
		5A2065392C2DC40100704007 /* PostListenerViewModel.swift */ = {isa = PBXFileReference; fileEncoding = 4; lastKnownFileType = sourcecode.swift; path = PostListenerViewModel.swift; sourceTree = "<group>"; };
		5A20653A2C2DC40100704007 /* Resource.swift */ = {isa = PBXFileReference; fileEncoding = 4; lastKnownFileType = sourcecode.swift; path = Resource.swift; sourceTree = "<group>"; };
		5A20653B2C2DC40100704007 /* UserUtil.swift */ = {isa = PBXFileReference; fileEncoding = 4; lastKnownFileType = sourcecode.swift; path = UserUtil.swift; sourceTree = "<group>"; };
		5A2065422C2DC41C00704007 /* FeaturedItem.swift */ = {isa = PBXFileReference; fileEncoding = 4; lastKnownFileType = sourcecode.swift; path = FeaturedItem.swift; sourceTree = "<group>"; };
		5A2065432C2DC41C00704007 /* Post.swift */ = {isa = PBXFileReference; fileEncoding = 4; lastKnownFileType = sourcecode.swift; path = Post.swift; sourceTree = "<group>"; };
		5A2065442C2DC41C00704007 /* ResourceItem.swift */ = {isa = PBXFileReference; fileEncoding = 4; lastKnownFileType = sourcecode.swift; path = ResourceItem.swift; sourceTree = "<group>"; };
		5A2065452C2DC41C00704007 /* User.swift */ = {isa = PBXFileReference; fileEncoding = 4; lastKnownFileType = sourcecode.swift; path = User.swift; sourceTree = "<group>"; };
		5A20655A2C2DC5AB00704007 /* RegisterView.swift */ = {isa = PBXFileReference; fileEncoding = 4; lastKnownFileType = sourcecode.swift; name = RegisterView.swift; path = "../../../../../../Projects/iOSProjects   /AMXSFamilyZone-iOS/View/Screens/RegisterView.swift"; sourceTree = "<group>"; };
		5A20655B2C2DC5AB00704007 /* ForgotPasswordView.swift */ = {isa = PBXFileReference; fileEncoding = 4; lastKnownFileType = sourcecode.swift; name = ForgotPasswordView.swift; path = "../../../../../../Projects/iOSProjects   /AMXSFamilyZone-iOS/View/Screens/ForgotPasswordView.swift"; sourceTree = "<group>"; };
		5A20655C2C2DC5AB00704007 /* LoginView.swift */ = {isa = PBXFileReference; fileEncoding = 4; lastKnownFileType = sourcecode.swift; name = LoginView.swift; path = "../../../../../../Projects/iOSProjects   /AMXSFamilyZone-iOS/View/Screens/LoginView.swift"; sourceTree = "<group>"; };
		5A2065602C2DC60600704007 /* PostView.swift */ = {isa = PBXFileReference; fileEncoding = 4; lastKnownFileType = sourcecode.swift; name = PostView.swift; path = "../../../../../../Projects/iOSProjects   /AMXSFamilyZone-iOS/View/PostView.swift"; sourceTree = "<group>"; };
		5A2065622C2DC63D00704007 /* AddPostView.swift */ = {isa = PBXFileReference; fileEncoding = 4; lastKnownFileType = sourcecode.swift; name = AddPostView.swift; path = "../../../../../../Projects/iOSProjects   /AMXSFamilyZone-iOS/View/NavView/AddPostView.swift"; sourceTree = "<group>"; };
		5A2065632C2DC63D00704007 /* HomeView.swift */ = {isa = PBXFileReference; fileEncoding = 4; lastKnownFileType = sourcecode.swift; name = HomeView.swift; path = "../../../../../../Projects/iOSProjects   /AMXSFamilyZone-iOS/View/NavView/HomeView.swift"; sourceTree = "<group>"; };
		5A2065642C2DC63D00704007 /* ResourcesView.swift */ = {isa = PBXFileReference; fileEncoding = 4; lastKnownFileType = sourcecode.swift; name = ResourcesView.swift; path = "../../../../../../Projects/iOSProjects   /AMXSFamilyZone-iOS/View/NavView/ResourcesView.swift"; sourceTree = "<group>"; };
		5A2065652C2DC63D00704007 /* ProfileView.swift */ = {isa = PBXFileReference; fileEncoding = 4; lastKnownFileType = sourcecode.swift; name = ProfileView.swift; path = "../../../../../../Projects/iOSProjects   /AMXSFamilyZone-iOS/View/NavView/ProfileView.swift"; sourceTree = "<group>"; };
		5A20656A2C2DC64E00704007 /* SettingsView.swift */ = {isa = PBXFileReference; fileEncoding = 4; lastKnownFileType = sourcecode.swift; name = SettingsView.swift; path = "../../../../../../Projects/iOSProjects   /AMXSFamilyZone-iOS/View/SettingsView.swift"; sourceTree = "<group>"; };
		5A20656B2C2DC64E00704007 /* EditProfileView.swift */ = {isa = PBXFileReference; fileEncoding = 4; lastKnownFileType = sourcecode.swift; name = EditProfileView.swift; path = "../../../../../../Projects/iOSProjects   /AMXSFamilyZone-iOS/View/NavView/EditProfileView.swift"; sourceTree = "<group>"; };
/* End PBXFileReference section */

/* Begin PBXFrameworksBuildPhase section */
		5A2065172C2DC1E600704007 /* Frameworks */ = {
			isa = PBXFrameworksBuildPhase;
			buildActionMask = 2147483647;
			files = (
				5A2065562C2DC4B100704007 /* SDWebImageSwiftUI in Frameworks */,
				5A20654F2C2DC48E00704007 /* FirebaseDatabaseSwift in Frameworks */,
				5A2065532C2DC48E00704007 /* FirebaseStorage in Frameworks */,
				5A20654D2C2DC48E00704007 /* FirebaseAuth in Frameworks */,
				5A2065512C2DC48E00704007 /* FirebaseFirestoreSwift in Frameworks */,
			);
			runOnlyForDeploymentPostprocessing = 0;
		};
/* End PBXFrameworksBuildPhase section */

/* Begin PBXGroup section */
		5A2065112C2DC1E600704007 = {
			isa = PBXGroup;
			children = (
				5A20651C2C2DC1E600704007 /* AMXSFamilyZone */,
				5A20651B2C2DC1E600704007 /* Products */,
			);
			sourceTree = "<group>";
		};
		5A20651B2C2DC1E600704007 /* Products */ = {
			isa = PBXGroup;
			children = (
				5A20651A2C2DC1E600704007 /* AMXSFamilyZone.app */,
			);
			name = Products;
			sourceTree = "<group>";
		};
		5A20651C2C2DC1E600704007 /* AMXSFamilyZone */ = {
			isa = PBXGroup;
			children = (
				5A20652F2C2DC3CE00704007 /* GoogleService-Info.plist */,
				5A2065462C2DC41C00704007 /* Model */,
				5A20653C2C2DC40100704007 /* Observable */,
				5A20652E2C2DC23100704007 /* Screens */,
				5A20652D2C2DC22C00704007 /* Utils */,
				5A20651D2C2DC1E600704007 /* AMXSFamilyZoneApp.swift */,
				5A20651F2C2DC1E600704007 /* ContentView.swift */,
				5A2065212C2DC1E700704007 /* Assets.xcassets */,
				5A2065232C2DC1E800704007 /* Preview Content */,
			);
			path = AMXSFamilyZone;
			sourceTree = "<group>";
		};
		5A2065232C2DC1E800704007 /* Preview Content */ = {
			isa = PBXGroup;
			children = (
				5A2065242C2DC1E800704007 /* Preview Assets.xcassets */,
			);
			path = "Preview Content";
			sourceTree = "<group>";
		};
		5A20652D2C2DC22C00704007 /* Utils */ = {
			isa = PBXGroup;
			children = (
				5A2065312C2DC3E400704007 /* AuthManager.swift */,
				5A2065322C2DC3E400704007 /* Consts.swift */,
				5A2065332C2DC3E400704007 /* ImagePicker.swift */,
			);
			path = Utils;
			sourceTree = "<group>";
		};
		5A20652E2C2DC23100704007 /* Screens */ = {
			isa = PBXGroup;
			children = (
				5A2065592C2DC54E00704007 /* SubView */,
				5A2065582C2DC54300704007 /* Navigation */,
				5A2065572C2DC53400704007 /* Register */,
			);
			path = Screens;
			sourceTree = "<group>";
		};
		5A20653C2C2DC40100704007 /* Observable */ = {
			isa = PBXGroup;
			children = (
				5A2065372C2DC40100704007 /* Featured.swift */,
				5A2065382C2DC40100704007 /* HomeFeed.swift */,
				5A2065392C2DC40100704007 /* PostListenerViewModel.swift */,
				5A20653A2C2DC40100704007 /* Resource.swift */,
				5A20653B2C2DC40100704007 /* UserUtil.swift */,
			);
			path = Observable;
			sourceTree = "<group>";
		};
		5A2065462C2DC41C00704007 /* Model */ = {
			isa = PBXGroup;
			children = (
				5A2065422C2DC41C00704007 /* FeaturedItem.swift */,
				5A2065432C2DC41C00704007 /* Post.swift */,
				5A2065442C2DC41C00704007 /* ResourceItem.swift */,
				5A2065452C2DC41C00704007 /* User.swift */,
			);
			path = Model;
			sourceTree = "<group>";
		};
		5A2065572C2DC53400704007 /* Register */ = {
			isa = PBXGroup;
			children = (
				5A20655B2C2DC5AB00704007 /* ForgotPasswordView.swift */,
				5A20655C2C2DC5AB00704007 /* LoginView.swift */,
				5A20655A2C2DC5AB00704007 /* RegisterView.swift */,
			);
			path = Register;
			sourceTree = "<group>";
		};
		5A2065582C2DC54300704007 /* Navigation */ = {
			isa = PBXGroup;
			children = (
				5A2065622C2DC63D00704007 /* AddPostView.swift */,
				5A2065632C2DC63D00704007 /* HomeView.swift */,
				5A2065652C2DC63D00704007 /* ProfileView.swift */,
				5A2065642C2DC63D00704007 /* ResourcesView.swift */,
			);
			path = Navigation;
			sourceTree = "<group>";
		};
		5A2065592C2DC54E00704007 /* SubView */ = {
			isa = PBXGroup;
			children = (
				5A20656B2C2DC64E00704007 /* EditProfileView.swift */,
				5A20656A2C2DC64E00704007 /* SettingsView.swift */,
				5A2065602C2DC60600704007 /* PostView.swift */,
			);
			path = SubView;
			sourceTree = "<group>";
		};
/* End PBXGroup section */

/* Begin PBXNativeTarget section */
		5A2065192C2DC1E600704007 /* AMXSFamilyZone */ = {
			isa = PBXNativeTarget;
			buildConfigurationList = 5A2065282C2DC1E800704007 /* Build configuration list for PBXNativeTarget "AMXSFamilyZone" */;
			buildPhases = (
				5A2065162C2DC1E600704007 /* Sources */,
				5A2065172C2DC1E600704007 /* Frameworks */,
				5A2065182C2DC1E600704007 /* Resources */,
			);
			buildRules = (
			);
			dependencies = (
			);
			name = AMXSFamilyZone;
			packageProductDependencies = (
				5A20654C2C2DC48E00704007 /* FirebaseAuth */,
				5A20654E2C2DC48E00704007 /* FirebaseDatabaseSwift */,
				5A2065502C2DC48E00704007 /* FirebaseFirestoreSwift */,
				5A2065522C2DC48E00704007 /* FirebaseStorage */,
				5A2065552C2DC4B100704007 /* SDWebImageSwiftUI */,
			);
			productName = AMXSFamilyZone;
			productReference = 5A20651A2C2DC1E600704007 /* AMXSFamilyZone.app */;
			productType = "com.apple.product-type.application";
		};
/* End PBXNativeTarget section */

/* Begin PBXProject section */
		5A2065122C2DC1E600704007 /* Project object */ = {
			isa = PBXProject;
			attributes = {
				BuildIndependentTargetsInParallel = 1;
				LastSwiftUpdateCheck = 1540;
				LastUpgradeCheck = 1540;
				TargetAttributes = {
					5A2065192C2DC1E600704007 = {
						CreatedOnToolsVersion = 15.4;
					};
				};
			};
			buildConfigurationList = 5A2065152C2DC1E600704007 /* Build configuration list for PBXProject "AMXSFamilyZone" */;
			compatibilityVersion = "Xcode 14.0";
			developmentRegion = en;
			hasScannedForEncodings = 0;
			knownRegions = (
				en,
				Base,
			);
			mainGroup = 5A2065112C2DC1E600704007;
			packageReferences = (
				5A20654B2C2DC48E00704007 /* XCRemoteSwiftPackageReference "firebase-ios-sdk" */,
				5A2065542C2DC4B100704007 /* XCRemoteSwiftPackageReference "SDWebImageSwiftUI" */,
			);
			productRefGroup = 5A20651B2C2DC1E600704007 /* Products */;
			projectDirPath = "";
			projectRoot = "";
			targets = (
				5A2065192C2DC1E600704007 /* AMXSFamilyZone */,
			);
		};
/* End PBXProject section */

/* Begin PBXResourcesBuildPhase section */
		5A2065182C2DC1E600704007 /* Resources */ = {
			isa = PBXResourcesBuildPhase;
			buildActionMask = 2147483647;
			files = (
				5A2065252C2DC1E800704007 /* Preview Assets.xcassets in Resources */,
				5A2065222C2DC1E700704007 /* Assets.xcassets in Resources */,
				5A2065302C2DC3CE00704007 /* GoogleService-Info.plist in Resources */,
			);
			runOnlyForDeploymentPostprocessing = 0;
		};
/* End PBXResourcesBuildPhase section */

/* Begin PBXSourcesBuildPhase section */
		5A2065162C2DC1E600704007 /* Sources */ = {
			isa = PBXSourcesBuildPhase;
			buildActionMask = 2147483647;
			files = (
				5A2065402C2DC40200704007 /* Resource.swift in Sources */,
				5A20656C2C2DC64E00704007 /* SettingsView.swift in Sources */,
				5A2065202C2DC1E600704007 /* ContentView.swift in Sources */,
				5A20655E2C2DC5AB00704007 /* ForgotPasswordView.swift in Sources */,
				5A2065682C2DC63D00704007 /* ResourcesView.swift in Sources */,
				5A2065352C2DC3E400704007 /* Consts.swift in Sources */,
				5A2065662C2DC63D00704007 /* AddPostView.swift in Sources */,
				5A2065482C2DC41C00704007 /* Post.swift in Sources */,
				5A2065362C2DC3E400704007 /* ImagePicker.swift in Sources */,
				5A20653D2C2DC40100704007 /* Featured.swift in Sources */,
				5A20655D2C2DC5AB00704007 /* RegisterView.swift in Sources */,
				5A20654A2C2DC41C00704007 /* User.swift in Sources */,
				5A20653E2C2DC40200704007 /* HomeFeed.swift in Sources */,
				5A20655F2C2DC5AB00704007 /* LoginView.swift in Sources */,
				5A2065472C2DC41C00704007 /* FeaturedItem.swift in Sources */,
				5A2065672C2DC63D00704007 /* HomeView.swift in Sources */,
				5A2065342C2DC3E400704007 /* AuthManager.swift in Sources */,
				5A20653F2C2DC40200704007 /* PostListenerViewModel.swift in Sources */,
				5A20656D2C2DC64E00704007 /* EditProfileView.swift in Sources */,
				5A2065412C2DC40200704007 /* UserUtil.swift in Sources */,
				5A2065492C2DC41C00704007 /* ResourceItem.swift in Sources */,
				5A2065612C2DC60600704007 /* PostView.swift in Sources */,
				5A2065692C2DC63D00704007 /* ProfileView.swift in Sources */,
				5A20651E2C2DC1E600704007 /* AMXSFamilyZoneApp.swift in Sources */,
			);
			runOnlyForDeploymentPostprocessing = 0;
		};
/* End PBXSourcesBuildPhase section */

/* Begin XCBuildConfiguration section */
		5A2065262C2DC1E800704007 /* Debug */ = {
			isa = XCBuildConfiguration;
			buildSettings = {
				ALWAYS_SEARCH_USER_PATHS = NO;
				ASSETCATALOG_COMPILER_GENERATE_SWIFT_ASSET_SYMBOL_EXTENSIONS = YES;
				CLANG_ANALYZER_NONNULL = YES;
				CLANG_ANALYZER_NUMBER_OBJECT_CONVERSION = YES_AGGRESSIVE;
				CLANG_CXX_LANGUAGE_STANDARD = "gnu++20";
				CLANG_ENABLE_MODULES = YES;
				CLANG_ENABLE_OBJC_ARC = YES;
				CLANG_ENABLE_OBJC_WEAK = YES;
				CLANG_WARN_BLOCK_CAPTURE_AUTORELEASING = YES;
				CLANG_WARN_BOOL_CONVERSION = YES;
				CLANG_WARN_COMMA = YES;
				CLANG_WARN_CONSTANT_CONVERSION = YES;
				CLANG_WARN_DEPRECATED_OBJC_IMPLEMENTATIONS = YES;
				CLANG_WARN_DIRECT_OBJC_ISA_USAGE = YES_ERROR;
				CLANG_WARN_DOCUMENTATION_COMMENTS = YES;
				CLANG_WARN_EMPTY_BODY = YES;
				CLANG_WARN_ENUM_CONVERSION = YES;
				CLANG_WARN_INFINITE_RECURSION = YES;
				CLANG_WARN_INT_CONVERSION = YES;
				CLANG_WARN_NON_LITERAL_NULL_CONVERSION = YES;
				CLANG_WARN_OBJC_IMPLICIT_RETAIN_SELF = YES;
				CLANG_WARN_OBJC_LITERAL_CONVERSION = YES;
				CLANG_WARN_OBJC_ROOT_CLASS = YES_ERROR;
				CLANG_WARN_QUOTED_INCLUDE_IN_FRAMEWORK_HEADER = YES;
				CLANG_WARN_RANGE_LOOP_ANALYSIS = YES;
				CLANG_WARN_STRICT_PROTOTYPES = YES;
				CLANG_WARN_SUSPICIOUS_MOVE = YES;
				CLANG_WARN_UNGUARDED_AVAILABILITY = YES_AGGRESSIVE;
				CLANG_WARN_UNREACHABLE_CODE = YES;
				CLANG_WARN__DUPLICATE_METHOD_MATCH = YES;
				COPY_PHASE_STRIP = NO;
				DEBUG_INFORMATION_FORMAT = dwarf;
				ENABLE_STRICT_OBJC_MSGSEND = YES;
				ENABLE_TESTABILITY = YES;
				ENABLE_USER_SCRIPT_SANDBOXING = YES;
				GCC_C_LANGUAGE_STANDARD = gnu17;
				GCC_DYNAMIC_NO_PIC = NO;
				GCC_NO_COMMON_BLOCKS = YES;
				GCC_OPTIMIZATION_LEVEL = 0;
				GCC_PREPROCESSOR_DEFINITIONS = (
					"DEBUG=1",
					"$(inherited)",
				);
				GCC_WARN_64_TO_32_BIT_CONVERSION = YES;
				GCC_WARN_ABOUT_RETURN_TYPE = YES_ERROR;
				GCC_WARN_UNDECLARED_SELECTOR = YES;
				GCC_WARN_UNINITIALIZED_AUTOS = YES_AGGRESSIVE;
				GCC_WARN_UNUSED_FUNCTION = YES;
				GCC_WARN_UNUSED_VARIABLE = YES;
				IPHONEOS_DEPLOYMENT_TARGET = 17.5;
				LOCALIZATION_PREFERS_STRING_CATALOGS = YES;
				MTL_ENABLE_DEBUG_INFO = INCLUDE_SOURCE;
				MTL_FAST_MATH = YES;
				ONLY_ACTIVE_ARCH = YES;
				SDKROOT = iphoneos;
				SWIFT_ACTIVE_COMPILATION_CONDITIONS = "DEBUG $(inherited)";
				SWIFT_OPTIMIZATION_LEVEL = "-Onone";
			};
			name = Debug;
		};
		5A2065272C2DC1E800704007 /* Release */ = {
			isa = XCBuildConfiguration;
			buildSettings = {
				ALWAYS_SEARCH_USER_PATHS = NO;
				ASSETCATALOG_COMPILER_GENERATE_SWIFT_ASSET_SYMBOL_EXTENSIONS = YES;
				CLANG_ANALYZER_NONNULL = YES;
				CLANG_ANALYZER_NUMBER_OBJECT_CONVERSION = YES_AGGRESSIVE;
				CLANG_CXX_LANGUAGE_STANDARD = "gnu++20";
				CLANG_ENABLE_MODULES = YES;
				CLANG_ENABLE_OBJC_ARC = YES;
				CLANG_ENABLE_OBJC_WEAK = YES;
				CLANG_WARN_BLOCK_CAPTURE_AUTORELEASING = YES;
				CLANG_WARN_BOOL_CONVERSION = YES;
				CLANG_WARN_COMMA = YES;
				CLANG_WARN_CONSTANT_CONVERSION = YES;
				CLANG_WARN_DEPRECATED_OBJC_IMPLEMENTATIONS = YES;
				CLANG_WARN_DIRECT_OBJC_ISA_USAGE = YES_ERROR;
				CLANG_WARN_DOCUMENTATION_COMMENTS = YES;
				CLANG_WARN_EMPTY_BODY = YES;
				CLANG_WARN_ENUM_CONVERSION = YES;
				CLANG_WARN_INFINITE_RECURSION = YES;
				CLANG_WARN_INT_CONVERSION = YES;
				CLANG_WARN_NON_LITERAL_NULL_CONVERSION = YES;
				CLANG_WARN_OBJC_IMPLICIT_RETAIN_SELF = YES;
				CLANG_WARN_OBJC_LITERAL_CONVERSION = YES;
				CLANG_WARN_OBJC_ROOT_CLASS = YES_ERROR;
				CLANG_WARN_QUOTED_INCLUDE_IN_FRAMEWORK_HEADER = YES;
				CLANG_WARN_RANGE_LOOP_ANALYSIS = YES;
				CLANG_WARN_STRICT_PROTOTYPES = YES;
				CLANG_WARN_SUSPICIOUS_MOVE = YES;
				CLANG_WARN_UNGUARDED_AVAILABILITY = YES_AGGRESSIVE;
				CLANG_WARN_UNREACHABLE_CODE = YES;
				CLANG_WARN__DUPLICATE_METHOD_MATCH = YES;
				COPY_PHASE_STRIP = NO;
				DEBUG_INFORMATION_FORMAT = "dwarf-with-dsym";
				ENABLE_NS_ASSERTIONS = NO;
				ENABLE_STRICT_OBJC_MSGSEND = YES;
				ENABLE_USER_SCRIPT_SANDBOXING = YES;
				GCC_C_LANGUAGE_STANDARD = gnu17;
				GCC_NO_COMMON_BLOCKS = YES;
				GCC_WARN_64_TO_32_BIT_CONVERSION = YES;
				GCC_WARN_ABOUT_RETURN_TYPE = YES_ERROR;
				GCC_WARN_UNDECLARED_SELECTOR = YES;
				GCC_WARN_UNINITIALIZED_AUTOS = YES_AGGRESSIVE;
				GCC_WARN_UNUSED_FUNCTION = YES;
				GCC_WARN_UNUSED_VARIABLE = YES;
				IPHONEOS_DEPLOYMENT_TARGET = 17.5;
				LOCALIZATION_PREFERS_STRING_CATALOGS = YES;
				MTL_ENABLE_DEBUG_INFO = NO;
				MTL_FAST_MATH = YES;
				SDKROOT = iphoneos;
				SWIFT_COMPILATION_MODE = wholemodule;
				VALIDATE_PRODUCT = YES;
			};
			name = Release;
		};
		5A2065292C2DC1E800704007 /* Debug */ = {
			isa = XCBuildConfiguration;
			buildSettings = {
				ASSETCATALOG_COMPILER_APPICON_NAME = AppIcon;
				ASSETCATALOG_COMPILER_GLOBAL_ACCENT_COLOR_NAME = AccentColor;
				CODE_SIGN_STYLE = Automatic;
				CURRENT_PROJECT_VERSION = 1;
				DEVELOPMENT_ASSET_PATHS = "\"AMXSFamilyZone/Preview Content\"";
				ENABLE_PREVIEWS = YES;
				GENERATE_INFOPLIST_FILE = YES;
				INFOPLIST_KEY_UIApplicationSceneManifest_Generation = YES;
				INFOPLIST_KEY_UIApplicationSupportsIndirectInputEvents = YES;
				INFOPLIST_KEY_UILaunchScreen_Generation = YES;
				INFOPLIST_KEY_UISupportedInterfaceOrientations_iPad = "UIInterfaceOrientationPortrait UIInterfaceOrientationPortraitUpsideDown UIInterfaceOrientationLandscapeLeft UIInterfaceOrientationLandscapeRight";
				INFOPLIST_KEY_UISupportedInterfaceOrientations_iPhone = "UIInterfaceOrientationPortrait UIInterfaceOrientationLandscapeLeft UIInterfaceOrientationLandscapeRight";
				LD_RUNPATH_SEARCH_PATHS = (
					"$(inherited)",
					"@executable_path/Frameworks",
				);
				MARKETING_VERSION = 1.0;
				PRODUCT_BUNDLE_IDENTIFIER = com.github.drewstephensdesigns.AMXSFamilyZone;
				PRODUCT_NAME = "$(TARGET_NAME)";
				SWIFT_EMIT_LOC_STRINGS = YES;
				SWIFT_VERSION = 5.0;
				TARGETED_DEVICE_FAMILY = "1,2";
			};
			name = Debug;
		};
		5A20652A2C2DC1E800704007 /* Release */ = {
			isa = XCBuildConfiguration;
			buildSettings = {
				ASSETCATALOG_COMPILER_APPICON_NAME = AppIcon;
				ASSETCATALOG_COMPILER_GLOBAL_ACCENT_COLOR_NAME = AccentColor;
				CODE_SIGN_STYLE = Automatic;
				CURRENT_PROJECT_VERSION = 1;
				DEVELOPMENT_ASSET_PATHS = "\"AMXSFamilyZone/Preview Content\"";
				ENABLE_PREVIEWS = YES;
				GENERATE_INFOPLIST_FILE = YES;
				INFOPLIST_KEY_UIApplicationSceneManifest_Generation = YES;
				INFOPLIST_KEY_UIApplicationSupportsIndirectInputEvents = YES;
				INFOPLIST_KEY_UILaunchScreen_Generation = YES;
				INFOPLIST_KEY_UISupportedInterfaceOrientations_iPad = "UIInterfaceOrientationPortrait UIInterfaceOrientationPortraitUpsideDown UIInterfaceOrientationLandscapeLeft UIInterfaceOrientationLandscapeRight";
				INFOPLIST_KEY_UISupportedInterfaceOrientations_iPhone = "UIInterfaceOrientationPortrait UIInterfaceOrientationLandscapeLeft UIInterfaceOrientationLandscapeRight";
				LD_RUNPATH_SEARCH_PATHS = (
					"$(inherited)",
					"@executable_path/Frameworks",
				);
				MARKETING_VERSION = 1.0;
				PRODUCT_BUNDLE_IDENTIFIER = com.github.drewstephensdesigns.AMXSFamilyZone;
				PRODUCT_NAME = "$(TARGET_NAME)";
				SWIFT_EMIT_LOC_STRINGS = YES;
				SWIFT_VERSION = 5.0;
				TARGETED_DEVICE_FAMILY = "1,2";
			};
			name = Release;
		};
/* End XCBuildConfiguration section */

/* Begin XCConfigurationList section */
		5A2065152C2DC1E600704007 /* Build configuration list for PBXProject "AMXSFamilyZone" */ = {
			isa = XCConfigurationList;
			buildConfigurations = (
				5A2065262C2DC1E800704007 /* Debug */,
				5A2065272C2DC1E800704007 /* Release */,
			);
			defaultConfigurationIsVisible = 0;
			defaultConfigurationName = Release;
		};
		5A2065282C2DC1E800704007 /* Build configuration list for PBXNativeTarget "AMXSFamilyZone" */ = {
			isa = XCConfigurationList;
			buildConfigurations = (
				5A2065292C2DC1E800704007 /* Debug */,
				5A20652A2C2DC1E800704007 /* Release */,
			);
			defaultConfigurationIsVisible = 0;
			defaultConfigurationName = Release;
		};
/* End XCConfigurationList section */

/* Begin XCRemoteSwiftPackageReference section */
		5A20654B2C2DC48E00704007 /* XCRemoteSwiftPackageReference "firebase-ios-sdk" */ = {
			isa = XCRemoteSwiftPackageReference;
			repositoryURL = "https://github.com/firebase/firebase-ios-sdk";
			requirement = {
				kind = upToNextMajorVersion;
				minimumVersion = 10.28.1;
			};
		};
		5A2065542C2DC4B100704007 /* XCRemoteSwiftPackageReference "SDWebImageSwiftUI" */ = {
			isa = XCRemoteSwiftPackageReference;
			repositoryURL = "https://github.com/SDWebImage/SDWebImageSwiftUI";
			requirement = {
				kind = upToNextMajorVersion;
				minimumVersion = 3.1.0;
			};
		};
/* End XCRemoteSwiftPackageReference section */

/* Begin XCSwiftPackageProductDependency section */
		5A20654C2C2DC48E00704007 /* FirebaseAuth */ = {
			isa = XCSwiftPackageProductDependency;
			package = 5A20654B2C2DC48E00704007 /* XCRemoteSwiftPackageReference "firebase-ios-sdk" */;
			productName = FirebaseAuth;
		};
		5A20654E2C2DC48E00704007 /* FirebaseDatabaseSwift */ = {
			isa = XCSwiftPackageProductDependency;
			package = 5A20654B2C2DC48E00704007 /* XCRemoteSwiftPackageReference "firebase-ios-sdk" */;
			productName = FirebaseDatabaseSwift;
		};
		5A2065502C2DC48E00704007 /* FirebaseFirestoreSwift */ = {
			isa = XCSwiftPackageProductDependency;
			package = 5A20654B2C2DC48E00704007 /* XCRemoteSwiftPackageReference "firebase-ios-sdk" */;
			productName = FirebaseFirestoreSwift;
		};
		5A2065522C2DC48E00704007 /* FirebaseStorage */ = {
			isa = XCSwiftPackageProductDependency;
			package = 5A20654B2C2DC48E00704007 /* XCRemoteSwiftPackageReference "firebase-ios-sdk" */;
			productName = FirebaseStorage;
		};
		5A2065552C2DC4B100704007 /* SDWebImageSwiftUI */ = {
			isa = XCSwiftPackageProductDependency;
			package = 5A2065542C2DC4B100704007 /* XCRemoteSwiftPackageReference "SDWebImageSwiftUI" */;
			productName = SDWebImageSwiftUI;
		};
/* End XCSwiftPackageProductDependency section */
	};
	rootObject = 5A2065122C2DC1E600704007 /* Project object */;
}
